
Microsoft Visual Studio Solution File, Format Version 12.00
# Visual Studio Version 16
VisualStudioVersion = 25.0.1705.0
MinimumVisualStudioVersion = 10.0.40219.1
Project("{FAE04EC0-301F-11D3-BF4B-00C04F79EFBC}") = "VariablesExercise", "VariablesExercise.csproj", "{C53094D3-24AF-47FB-88E8-6CD4CCEA4AC0}"
EndProject
Global
	GlobalSection(SolutionConfigurationPlatforms) = preSolution
		Debug|Any CPU = Debug|Any CPU
		Release|Any CPU = Release|Any CPU
	EndGlobalSection
	GlobalSection(ProjectConfigurationPlatforms) = postSolution
		{C53094D3-24AF-47FB-88E8-6CD4CCEA4AC0}.Debug|Any CPU.ActiveCfg = Debug|Any CPU
		{C53094D3-24AF-47FB-88E8-6CD4CCEA4AC0}.Debug|Any CPU.Build.0 = Debug|Any CPU
		{C53094D3-24AF-47FB-88E8-6CD4CCEA4AC0}.Release|Any CPU.ActiveCfg = Release|Any CPU
		{C53094D3-24AF-47FB-88E8-6CD4CCEA4AC0}.Release|Any CPU.Build.0 = Release|Any CPU
	EndGlobalSection
	GlobalSection(SolutionProperties) = preSolution
		HideSolutionNode = FALSE
	EndGlobalSection
	GlobalSection(ExtensibilityGlobals) = postSolution
		SolutionGuid = {EC3E062C-D90B-45E2-A29E-7CBC1783673B}
	EndGlobalSection
EndGlobal
